
Microsoft Visual Studio Solution File, Format Version 12.00
# Visual Studio Version 16
VisualStudioVersion = 16.0.30114.105
MinimumVisualStudioVersion = 10.0.40219.1
Project("{FAE04EC0-301F-11D3-BF4B-00C04F79EFBC}") = "Atomic.UnifiedAuth.Web", "applications\Atomic.UnifiedAuth.Web\Atomic.UnifiedAuth.Web.csproj", "{FE2F78CE-898E-49F5-8DE4-729A31B79723}"
EndProject
Project("{FAE04EC0-301F-11D3-BF4B-00C04F79EFBC}") = "Atomic.Admin.Host", "applications\Atomic.Admin.Host\Atomic.Admin.Host.csproj", "{46590F08-B9F7-4063-907C-168D9B149147}"
EndProject
Project("{2150E333-8FDC-42A3-9474-1A3956D46DE8}") = "applications", "applications", "{F7C0BD24-1089-4D5D-8FFB-A8AC119752FB}"
EndProject
Global
	GlobalSection(SolutionConfigurationPlatforms) = preSolution
		Debug|Any CPU = Debug|Any CPU
		Debug|x64 = Debug|x64
		Debug|x86 = Debug|x86
		Release|Any CPU = Release|Any CPU
		Release|x64 = Release|x64
		Release|x86 = Release|x86
	EndGlobalSection
	GlobalSection(SolutionProperties) = preSolution
		HideSolutionNode = FALSE
	EndGlobalSection
	GlobalSection(ProjectConfigurationPlatforms) = postSolution
		{FE2F78CE-898E-49F5-8DE4-729A31B79723}.Debug|Any CPU.ActiveCfg = Debug|Any CPU
		{FE2F78CE-898E-49F5-8DE4-729A31B79723}.Debug|Any CPU.Build.0 = Debug|Any CPU
		{FE2F78CE-898E-49F5-8DE4-729A31B79723}.Debug|x64.ActiveCfg = Debug|Any CPU
		{FE2F78CE-898E-49F5-8DE4-729A31B79723}.Debug|x64.Build.0 = Debug|Any CPU
		{FE2F78CE-898E-49F5-8DE4-729A31B79723}.Debug|x86.ActiveCfg = Debug|Any CPU
		{FE2F78CE-898E-49F5-8DE4-729A31B79723}.Debug|x86.Build.0 = Debug|Any CPU
		{FE2F78CE-898E-49F5-8DE4-729A31B79723}.Release|Any CPU.ActiveCfg = Release|Any CPU
		{FE2F78CE-898E-49F5-8DE4-729A31B79723}.Release|Any CPU.Build.0 = Release|Any CPU
		{FE2F78CE-898E-49F5-8DE4-729A31B79723}.Release|x64.ActiveCfg = Release|Any CPU
		{FE2F78CE-898E-49F5-8DE4-729A31B79723}.Release|x64.Build.0 = Release|Any CPU
		{FE2F78CE-898E-49F5-8DE4-729A31B79723}.Release|x86.ActiveCfg = Release|Any CPU
		{FE2F78CE-898E-49F5-8DE4-729A31B79723}.Release|x86.Build.0 = Release|Any CPU
		{46590F08-B9F7-4063-907C-168D9B149147}.Debug|Any CPU.ActiveCfg = Debug|Any CPU
		{46590F08-B9F7-4063-907C-168D9B149147}.Debug|Any CPU.Build.0 = Debug|Any CPU
		{46590F08-B9F7-4063-907C-168D9B149147}.Debug|x64.ActiveCfg = Debug|Any CPU
		{46590F08-B9F7-4063-907C-168D9B149147}.Debug|x64.Build.0 = Debug|Any CPU
		{46590F08-B9F7-4063-907C-168D9B149147}.Debug|x86.ActiveCfg = Debug|Any CPU
		{46590F08-B9F7-4063-907C-168D9B149147}.Debug|x86.Build.0 = Debug|Any CPU
		{46590F08-B9F7-4063-907C-168D9B149147}.Release|Any CPU.ActiveCfg = Release|Any CPU
		{46590F08-B9F7-4063-907C-168D9B149147}.Release|Any CPU.Build.0 = Release|Any CPU
		{46590F08-B9F7-4063-907C-168D9B149147}.Release|x64.ActiveCfg = Release|Any CPU
		{46590F08-B9F7-4063-907C-168D9B149147}.Release|x64.Build.0 = Release|Any CPU
		{46590F08-B9F7-4063-907C-168D9B149147}.Release|x86.ActiveCfg = Release|Any CPU
		{46590F08-B9F7-4063-907C-168D9B149147}.Release|x86.Build.0 = Release|Any CPU
	EndGlobalSection
	GlobalSection(NestedProjects) = preSolution
		{46590F08-B9F7-4063-907C-168D9B149147} = {F7C0BD24-1089-4D5D-8FFB-A8AC119752FB}
		{FE2F78CE-898E-49F5-8DE4-729A31B79723} = {F7C0BD24-1089-4D5D-8FFB-A8AC119752FB}
	EndGlobalSection
EndGlobal
