
Microsoft Visual Studio Solution File, Format Version 12.00
# Visual Studio Version 16
VisualStudioVersion = 16.0.30114.105
MinimumVisualStudioVersion = 10.0.40219.1
Project("{FAE04EC0-301F-11D3-BF4B-00C04F79EFBC}") = "Atomic.UnifiedAuth.Web", "applications\Atomic.UnifiedAuth.Web\Atomic.UnifiedAuth.Web.csproj", "{FE2F78CE-898E-49F5-8DE4-729A31B79723}"
EndProject
Project("{FAE04EC0-301F-11D3-BF4B-00C04F79EFBC}") = "Atomic.Admin.Host", "applications\Atomic.Admin.Host\Atomic.Admin.Host.csproj", "{46590F08-B9F7-4063-907C-168D9B149147}"
EndProject
Project("{2150E333-8FDC-42A3-9474-1A3956D46DE8}") = "applications", "applications", "{F7C0BD24-1089-4D5D-8FFB-A8AC119752FB}"
EndProject
Project("{2150E333-8FDC-42A3-9474-1A3956D46DE8}") = "common", "common", "{4718DAA4-BCD7-442D-90C6-BC1882ED21BB}"
ProjectSection(SolutionItems) = preProject
	.gitignore = .gitignore
	docker-compose.yml = docker-compose.yml
	tye.yaml = tye.yaml
EndProjectSection
EndProject
Project("{2150E333-8FDC-42A3-9474-1A3956D46DE8}") = "framework", "framework", "{69CF4A32-F96B-4639-9A6D-319D04402833}"
EndProject
Project("{FAE04EC0-301F-11D3-BF4B-00C04F79EFBC}") = "Atomic.Core", "framework\src\Atomic.Core\Atomic.Core.csproj", "{8A46E712-8820-45D6-85DC-8C4CF8897982}"
EndProject
Project("{2150E333-8FDC-42A3-9474-1A3956D46DE8}") = "src", "src", "{DAF3FC47-2704-41E6-946F-1BF9DC7AB3EF}"
EndProject
Project("{2150E333-8FDC-42A3-9474-1A3956D46DE8}") = "test", "test", "{0BFD4C51-ED60-4750-B947-079625C0DFC9}"
EndProject
Project("{FAE04EC0-301F-11D3-BF4B-00C04F79EFBC}") = "AppTestBase", "framework\test\AppTestBase\AppTestBase.csproj", "{2DA9AFEB-7486-4F7E-BA7F-BC0AA14DFEA5}"
EndProject
Project("{FAE04EC0-301F-11D3-BF4B-00C04F79EFBC}") = "Atomic.Core.Test", "framework\test\Atomic.Core.Test\Atomic.Core.Test.csproj", "{2D948CDC-EDE9-4645-96D9-F2F92C25CC70}"
EndProject
Global
	GlobalSection(SolutionConfigurationPlatforms) = preSolution
		Debug|Any CPU = Debug|Any CPU
		Debug|x64 = Debug|x64
		Debug|x86 = Debug|x86
		Release|Any CPU = Release|Any CPU
		Release|x64 = Release|x64
		Release|x86 = Release|x86
	EndGlobalSection
	GlobalSection(SolutionProperties) = preSolution
		HideSolutionNode = FALSE
	EndGlobalSection
	GlobalSection(ProjectConfigurationPlatforms) = postSolution
		{FE2F78CE-898E-49F5-8DE4-729A31B79723}.Debug|Any CPU.ActiveCfg = Debug|Any CPU
		{FE2F78CE-898E-49F5-8DE4-729A31B79723}.Debug|Any CPU.Build.0 = Debug|Any CPU
		{FE2F78CE-898E-49F5-8DE4-729A31B79723}.Debug|x64.ActiveCfg = Debug|Any CPU
		{FE2F78CE-898E-49F5-8DE4-729A31B79723}.Debug|x64.Build.0 = Debug|Any CPU
		{FE2F78CE-898E-49F5-8DE4-729A31B79723}.Debug|x86.ActiveCfg = Debug|Any CPU
		{FE2F78CE-898E-49F5-8DE4-729A31B79723}.Debug|x86.Build.0 = Debug|Any CPU
		{FE2F78CE-898E-49F5-8DE4-729A31B79723}.Release|Any CPU.ActiveCfg = Release|Any CPU
		{FE2F78CE-898E-49F5-8DE4-729A31B79723}.Release|Any CPU.Build.0 = Release|Any CPU
		{FE2F78CE-898E-49F5-8DE4-729A31B79723}.Release|x64.ActiveCfg = Release|Any CPU
		{FE2F78CE-898E-49F5-8DE4-729A31B79723}.Release|x64.Build.0 = Release|Any CPU
		{FE2F78CE-898E-49F5-8DE4-729A31B79723}.Release|x86.ActiveCfg = Release|Any CPU
		{FE2F78CE-898E-49F5-8DE4-729A31B79723}.Release|x86.Build.0 = Release|Any CPU
		{46590F08-B9F7-4063-907C-168D9B149147}.Debug|Any CPU.ActiveCfg = Debug|Any CPU
		{46590F08-B9F7-4063-907C-168D9B149147}.Debug|Any CPU.Build.0 = Debug|Any CPU
		{46590F08-B9F7-4063-907C-168D9B149147}.Debug|x64.ActiveCfg = Debug|Any CPU
		{46590F08-B9F7-4063-907C-168D9B149147}.Debug|x64.Build.0 = Debug|Any CPU
		{46590F08-B9F7-4063-907C-168D9B149147}.Debug|x86.ActiveCfg = Debug|Any CPU
		{46590F08-B9F7-4063-907C-168D9B149147}.Debug|x86.Build.0 = Debug|Any CPU
		{46590F08-B9F7-4063-907C-168D9B149147}.Release|Any CPU.ActiveCfg = Release|Any CPU
		{46590F08-B9F7-4063-907C-168D9B149147}.Release|Any CPU.Build.0 = Release|Any CPU
		{46590F08-B9F7-4063-907C-168D9B149147}.Release|x64.ActiveCfg = Release|Any CPU
		{46590F08-B9F7-4063-907C-168D9B149147}.Release|x64.Build.0 = Release|Any CPU
		{46590F08-B9F7-4063-907C-168D9B149147}.Release|x86.ActiveCfg = Release|Any CPU
		{46590F08-B9F7-4063-907C-168D9B149147}.Release|x86.Build.0 = Release|Any CPU
		{8A46E712-8820-45D6-85DC-8C4CF8897982}.Debug|Any CPU.ActiveCfg = Debug|Any CPU
		{8A46E712-8820-45D6-85DC-8C4CF8897982}.Debug|Any CPU.Build.0 = Debug|Any CPU
		{8A46E712-8820-45D6-85DC-8C4CF8897982}.Debug|x64.ActiveCfg = Debug|Any CPU
		{8A46E712-8820-45D6-85DC-8C4CF8897982}.Debug|x64.Build.0 = Debug|Any CPU
		{8A46E712-8820-45D6-85DC-8C4CF8897982}.Debug|x86.ActiveCfg = Debug|Any CPU
		{8A46E712-8820-45D6-85DC-8C4CF8897982}.Debug|x86.Build.0 = Debug|Any CPU
		{8A46E712-8820-45D6-85DC-8C4CF8897982}.Release|Any CPU.ActiveCfg = Release|Any CPU
		{8A46E712-8820-45D6-85DC-8C4CF8897982}.Release|Any CPU.Build.0 = Release|Any CPU
		{8A46E712-8820-45D6-85DC-8C4CF8897982}.Release|x64.ActiveCfg = Release|Any CPU
		{8A46E712-8820-45D6-85DC-8C4CF8897982}.Release|x64.Build.0 = Release|Any CPU
		{8A46E712-8820-45D6-85DC-8C4CF8897982}.Release|x86.ActiveCfg = Release|Any CPU
		{8A46E712-8820-45D6-85DC-8C4CF8897982}.Release|x86.Build.0 = Release|Any CPU
		{2DA9AFEB-7486-4F7E-BA7F-BC0AA14DFEA5}.Debug|Any CPU.ActiveCfg = Debug|Any CPU
		{2DA9AFEB-7486-4F7E-BA7F-BC0AA14DFEA5}.Debug|Any CPU.Build.0 = Debug|Any CPU
		{2DA9AFEB-7486-4F7E-BA7F-BC0AA14DFEA5}.Debug|x64.ActiveCfg = Debug|Any CPU
		{2DA9AFEB-7486-4F7E-BA7F-BC0AA14DFEA5}.Debug|x64.Build.0 = Debug|Any CPU
		{2DA9AFEB-7486-4F7E-BA7F-BC0AA14DFEA5}.Debug|x86.ActiveCfg = Debug|Any CPU
		{2DA9AFEB-7486-4F7E-BA7F-BC0AA14DFEA5}.Debug|x86.Build.0 = Debug|Any CPU
		{2DA9AFEB-7486-4F7E-BA7F-BC0AA14DFEA5}.Release|Any CPU.ActiveCfg = Release|Any CPU
		{2DA9AFEB-7486-4F7E-BA7F-BC0AA14DFEA5}.Release|Any CPU.Build.0 = Release|Any CPU
		{2DA9AFEB-7486-4F7E-BA7F-BC0AA14DFEA5}.Release|x64.ActiveCfg = Release|Any CPU
		{2DA9AFEB-7486-4F7E-BA7F-BC0AA14DFEA5}.Release|x64.Build.0 = Release|Any CPU
		{2DA9AFEB-7486-4F7E-BA7F-BC0AA14DFEA5}.Release|x86.ActiveCfg = Release|Any CPU
		{2DA9AFEB-7486-4F7E-BA7F-BC0AA14DFEA5}.Release|x86.Build.0 = Release|Any CPU
		{2D948CDC-EDE9-4645-96D9-F2F92C25CC70}.Debug|Any CPU.ActiveCfg = Debug|Any CPU
		{2D948CDC-EDE9-4645-96D9-F2F92C25CC70}.Debug|Any CPU.Build.0 = Debug|Any CPU
		{2D948CDC-EDE9-4645-96D9-F2F92C25CC70}.Debug|x64.ActiveCfg = Debug|Any CPU
		{2D948CDC-EDE9-4645-96D9-F2F92C25CC70}.Debug|x64.Build.0 = Debug|Any CPU
		{2D948CDC-EDE9-4645-96D9-F2F92C25CC70}.Debug|x86.ActiveCfg = Debug|Any CPU
		{2D948CDC-EDE9-4645-96D9-F2F92C25CC70}.Debug|x86.Build.0 = Debug|Any CPU
		{2D948CDC-EDE9-4645-96D9-F2F92C25CC70}.Release|Any CPU.ActiveCfg = Release|Any CPU
		{2D948CDC-EDE9-4645-96D9-F2F92C25CC70}.Release|Any CPU.Build.0 = Release|Any CPU
		{2D948CDC-EDE9-4645-96D9-F2F92C25CC70}.Release|x64.ActiveCfg = Release|Any CPU
		{2D948CDC-EDE9-4645-96D9-F2F92C25CC70}.Release|x64.Build.0 = Release|Any CPU
		{2D948CDC-EDE9-4645-96D9-F2F92C25CC70}.Release|x86.ActiveCfg = Release|Any CPU
		{2D948CDC-EDE9-4645-96D9-F2F92C25CC70}.Release|x86.Build.0 = Release|Any CPU
	EndGlobalSection
	GlobalSection(NestedProjects) = preSolution
		{46590F08-B9F7-4063-907C-168D9B149147} = {F7C0BD24-1089-4D5D-8FFB-A8AC119752FB}
		{FE2F78CE-898E-49F5-8DE4-729A31B79723} = {F7C0BD24-1089-4D5D-8FFB-A8AC119752FB}
		{DAF3FC47-2704-41E6-946F-1BF9DC7AB3EF} = {69CF4A32-F96B-4639-9A6D-319D04402833}
		{8A46E712-8820-45D6-85DC-8C4CF8897982} = {DAF3FC47-2704-41E6-946F-1BF9DC7AB3EF}
		{0BFD4C51-ED60-4750-B947-079625C0DFC9} = {69CF4A32-F96B-4639-9A6D-319D04402833}
		{2DA9AFEB-7486-4F7E-BA7F-BC0AA14DFEA5} = {0BFD4C51-ED60-4750-B947-079625C0DFC9}
		{2D948CDC-EDE9-4645-96D9-F2F92C25CC70} = {0BFD4C51-ED60-4750-B947-079625C0DFC9}
	EndGlobalSection
EndGlobal
